
Microsoft Visual Studio Solution File, Format Version 12.00
# Visual Studio 2013
VisualStudioVersion = 12.0.21005.1
MinimumVisualStudioVersion = 10.0.40219.1
Project("{FAE04EC0-301F-11D3-BF4B-00C04F79EFBC}") = "OsmSharp.Service.Routing.Console", "OsmSharp.Service.Routing.Console\OsmSharp.Service.Routing.Console.csproj", "{122B240D-8B35-4179-A767-4396F895DED4}"
EndProject
Project("{FAE04EC0-301F-11D3-BF4B-00C04F79EFBC}") = "OsmSharp.Service.Routing.Transit", "OsmSharp.Service.Routing.Transit\OsmSharp.Service.Routing.Transit.csproj", "{9DEA5C5E-D630-4466-BBD1-12C7C79131D8}"
EndProject
Project("{FAE04EC0-301F-11D3-BF4B-00C04F79EFBC}") = "OsmSharp.Service.Routing.MultiModal", "OsmSharp.Service.Routing.MultiModal\OsmSharp.Service.Routing.MultiModal.csproj", "{C51F9999-0DDB-4839-BE46-72EA796887CA}"
EndProject
Project("{FAE04EC0-301F-11D3-BF4B-00C04F79EFBC}") = "OsmSharp.Service.Routing", "OsmSharp.Service.Routing\OsmSharp.Service.Routing.csproj", "{A2C54724-3BE5-4004-904F-B784AA103008}"
EndProject
Global
	GlobalSection(SolutionConfigurationPlatforms) = preSolution
		Debug|Any CPU = Debug|Any CPU
		Release|Any CPU = Release|Any CPU
	EndGlobalSection
	GlobalSection(ProjectConfigurationPlatforms) = postSolution
		{122B240D-8B35-4179-A767-4396F895DED4}.Debug|Any CPU.ActiveCfg = Debug|Any CPU
		{122B240D-8B35-4179-A767-4396F895DED4}.Debug|Any CPU.Build.0 = Debug|Any CPU
		{122B240D-8B35-4179-A767-4396F895DED4}.Release|Any CPU.ActiveCfg = Release|Any CPU
		{122B240D-8B35-4179-A767-4396F895DED4}.Release|Any CPU.Build.0 = Release|Any CPU
		{9DEA5C5E-D630-4466-BBD1-12C7C79131D8}.Debug|Any CPU.ActiveCfg = Debug|Any CPU
		{9DEA5C5E-D630-4466-BBD1-12C7C79131D8}.Debug|Any CPU.Build.0 = Debug|Any CPU
		{9DEA5C5E-D630-4466-BBD1-12C7C79131D8}.Release|Any CPU.ActiveCfg = Release|Any CPU
		{9DEA5C5E-D630-4466-BBD1-12C7C79131D8}.Release|Any CPU.Build.0 = Release|Any CPU
		{C51F9999-0DDB-4839-BE46-72EA796887CA}.Debug|Any CPU.ActiveCfg = Debug|Any CPU
		{C51F9999-0DDB-4839-BE46-72EA796887CA}.Debug|Any CPU.Build.0 = Debug|Any CPU
		{C51F9999-0DDB-4839-BE46-72EA796887CA}.Release|Any CPU.ActiveCfg = Release|Any CPU
		{C51F9999-0DDB-4839-BE46-72EA796887CA}.Release|Any CPU.Build.0 = Release|Any CPU
		{A2C54724-3BE5-4004-904F-B784AA103008}.Debug|Any CPU.ActiveCfg = Debug|Any CPU
		{A2C54724-3BE5-4004-904F-B784AA103008}.Debug|Any CPU.Build.0 = Debug|Any CPU
		{A2C54724-3BE5-4004-904F-B784AA103008}.Release|Any CPU.ActiveCfg = Release|Any CPU
		{A2C54724-3BE5-4004-904F-B784AA103008}.Release|Any CPU.Build.0 = Release|Any CPU
	EndGlobalSection
	GlobalSection(SolutionProperties) = preSolution
		HideSolutionNode = FALSE
	EndGlobalSection
	GlobalSection(Performance) = preSolution
		HasPerformanceSessions = true
	EndGlobalSection
EndGlobal
